
Microsoft Visual Studio Solution File, Format Version 12.00
# Visual Studio Version 16
VisualStudioVersion = 16.0.30204.135
MinimumVisualStudioVersion = 10.0.40219.1
Project("{8BC9CEB8-8B4A-11D0-8D11-00A0C91BC942}") = "Decoder3", "Decoder3\Decoder3.vcxproj", "{035C3765-4D3E-4CF3-BF4B-D146755BA05E}"
EndProject
Global
	GlobalSection(SolutionConfigurationPlatforms) = preSolution
		Debug|x64 = Debug|x64
		Debug|x86 = Debug|x86
		Release|x64 = Release|x64
		Release|x86 = Release|x86
	EndGlobalSection
	GlobalSection(ProjectConfigurationPlatforms) = postSolution
		{035C3765-4D3E-4CF3-BF4B-D146755BA05E}.Debug|x64.ActiveCfg = Debug|x64
		{035C3765-4D3E-4CF3-BF4B-D146755BA05E}.Debug|x64.Build.0 = Debug|x64
		{035C3765-4D3E-4CF3-BF4B-D146755BA05E}.Debug|x86.ActiveCfg = Debug|Win32
		{035C3765-4D3E-4CF3-BF4B-D146755BA05E}.Debug|x86.Build.0 = Debug|Win32
		{035C3765-4D3E-4CF3-BF4B-D146755BA05E}.Release|x64.ActiveCfg = Release|x64
		{035C3765-4D3E-4CF3-BF4B-D146755BA05E}.Release|x64.Build.0 = Release|x64
		{035C3765-4D3E-4CF3-BF4B-D146755BA05E}.Release|x86.ActiveCfg = Release|Win32
		{035C3765-4D3E-4CF3-BF4B-D146755BA05E}.Release|x86.Build.0 = Release|Win32
	EndGlobalSection
	GlobalSection(SolutionProperties) = preSolution
		HideSolutionNode = FALSE
	EndGlobalSection
	GlobalSection(ExtensibilityGlobals) = postSolution
		SolutionGuid = {DD22870E-D4A5-497E-B949-FD926341C6F3}
	EndGlobalSection
EndGlobal
